
Microsoft Visual Studio Solution File, Format Version 12.00
# Visual Studio Version 17
VisualStudioVersion = 17.7.34031.279
MinimumVisualStudioVersion = 10.0.40219.1
Project("{9A19103F-16F7-4668-BE54-9A1E7A4F7556}") = "Real-Estate-Auction-System-API", "Real-Estate-Auction-System-API\Real-Estate-Auction-System-API.csproj", "{57A9F084-3587-45DE-B5D8-622BA169C6FD}"
EndProject
Project("{9A19103F-16F7-4668-BE54-9A1E7A4F7556}") = "BusinessObjects", "BusinessObjects\BusinessObjects.csproj", "{CC69A8C4-CD62-4048-91EE-5A59B5FDAE0D}"
EndProject
Project("{9A19103F-16F7-4668-BE54-9A1E7A4F7556}") = "Repositories", "Repositories\Repositories.csproj", "{E5A4163E-89E2-41E9-A16D-F06BEE19C549}"
EndProject
Project("{9A19103F-16F7-4668-BE54-9A1E7A4F7556}") = "Services", "Services\Services.csproj", "{33351F71-75BA-4981-97D5-5F7ECACA804A}"
EndProject
Project("{9A19103F-16F7-4668-BE54-9A1E7A4F7556}") = "Utils", "Utils\Utils.csproj", "{9EC00866-5466-4346-A679-17BB8ACA2952}"
EndProject
Project("{2150E333-8FDC-42A3-9474-1A3956D46DE8}") = "Solution Items", "Solution Items", "{4D5621F7-3875-43F9-9B56-49E0E9A1AFB2}"
	ProjectSection(SolutionItems) = preProject
		UI.html = UI.html
	EndProjectSection
EndProject
Global
	GlobalSection(SolutionConfigurationPlatforms) = preSolution
		Debug|Any CPU = Debug|Any CPU
		Release|Any CPU = Release|Any CPU
	EndGlobalSection
	GlobalSection(ProjectConfigurationPlatforms) = postSolution
		{57A9F084-3587-45DE-B5D8-622BA169C6FD}.Debug|Any CPU.ActiveCfg = Debug|Any CPU
		{57A9F084-3587-45DE-B5D8-622BA169C6FD}.Debug|Any CPU.Build.0 = Debug|Any CPU
		{57A9F084-3587-45DE-B5D8-622BA169C6FD}.Release|Any CPU.ActiveCfg = Release|Any CPU
		{57A9F084-3587-45DE-B5D8-622BA169C6FD}.Release|Any CPU.Build.0 = Release|Any CPU
		{CC69A8C4-CD62-4048-91EE-5A59B5FDAE0D}.Debug|Any CPU.ActiveCfg = Debug|Any CPU
		{CC69A8C4-CD62-4048-91EE-5A59B5FDAE0D}.Debug|Any CPU.Build.0 = Debug|Any CPU
		{CC69A8C4-CD62-4048-91EE-5A59B5FDAE0D}.Release|Any CPU.ActiveCfg = Release|Any CPU
		{CC69A8C4-CD62-4048-91EE-5A59B5FDAE0D}.Release|Any CPU.Build.0 = Release|Any CPU
		{E5A4163E-89E2-41E9-A16D-F06BEE19C549}.Debug|Any CPU.ActiveCfg = Debug|Any CPU
		{E5A4163E-89E2-41E9-A16D-F06BEE19C549}.Debug|Any CPU.Build.0 = Debug|Any CPU
		{E5A4163E-89E2-41E9-A16D-F06BEE19C549}.Release|Any CPU.ActiveCfg = Release|Any CPU
		{E5A4163E-89E2-41E9-A16D-F06BEE19C549}.Release|Any CPU.Build.0 = Release|Any CPU
		{33351F71-75BA-4981-97D5-5F7ECACA804A}.Debug|Any CPU.ActiveCfg = Debug|Any CPU
		{33351F71-75BA-4981-97D5-5F7ECACA804A}.Debug|Any CPU.Build.0 = Debug|Any CPU
		{33351F71-75BA-4981-97D5-5F7ECACA804A}.Release|Any CPU.ActiveCfg = Release|Any CPU
		{33351F71-75BA-4981-97D5-5F7ECACA804A}.Release|Any CPU.Build.0 = Release|Any CPU
		{9EC00866-5466-4346-A679-17BB8ACA2952}.Debug|Any CPU.ActiveCfg = Debug|Any CPU
		{9EC00866-5466-4346-A679-17BB8ACA2952}.Debug|Any CPU.Build.0 = Debug|Any CPU
		{9EC00866-5466-4346-A679-17BB8ACA2952}.Release|Any CPU.ActiveCfg = Release|Any CPU
		{9EC00866-5466-4346-A679-17BB8ACA2952}.Release|Any CPU.Build.0 = Release|Any CPU
	EndGlobalSection
	GlobalSection(SolutionProperties) = preSolution
		HideSolutionNode = FALSE
	EndGlobalSection
	GlobalSection(ExtensibilityGlobals) = postSolution
		SolutionGuid = {D7A0C2C1-2790-42C1-B336-BF2BF72E3F17}
	EndGlobalSection
EndGlobal
