
Microsoft Visual Studio Solution File, Format Version 12.00
# Visual Studio Version 17
VisualStudioVersion = 17.7.34031.279
MinimumVisualStudioVersion = 10.0.40219.1
Project("{FAE04EC0-301F-11D3-BF4B-00C04F79EFBC}") = "Real-Estate-Auction-System-API", "Real-Estate-Auction-System-API\Real-Estate-Auction-System-API.csproj", "{57A9F084-3587-45DE-B5D8-622BA169C6FD}"
EndProject
Project("{FAE04EC0-301F-11D3-BF4B-00C04F79EFBC}") = "BusinessObjects", "BusinessObjects\BusinessObjects.csproj", "{CC69A8C4-CD62-4048-91EE-5A59B5FDAE0D}"
EndProject
Project("{FAE04EC0-301F-11D3-BF4B-00C04F79EFBC}") = "DAO", "DAO\DAO.csproj", "{E5A4163E-89E2-41E9-A16D-F06BEE19C549}"
EndProject
Project("{FAE04EC0-301F-11D3-BF4B-00C04F79EFBC}") = "Services", "Services\Services.csproj", "{33351F71-75BA-4981-97D5-5F7ECACA804A}"
EndProject
Global
	GlobalSection(SolutionConfigurationPlatforms) = preSolution
		Debug|Any CPU = Debug|Any CPU
		Release|Any CPU = Release|Any CPU
	EndGlobalSection
	GlobalSection(ProjectConfigurationPlatforms) = postSolution
		{57A9F084-3587-45DE-B5D8-622BA169C6FD}.Debug|Any CPU.ActiveCfg = Debug|Any CPU
		{57A9F084-3587-45DE-B5D8-622BA169C6FD}.Debug|Any CPU.Build.0 = Debug|Any CPU
		{57A9F084-3587-45DE-B5D8-622BA169C6FD}.Release|Any CPU.ActiveCfg = Release|Any CPU
		{57A9F084-3587-45DE-B5D8-622BA169C6FD}.Release|Any CPU.Build.0 = Release|Any CPU
		{CC69A8C4-CD62-4048-91EE-5A59B5FDAE0D}.Debug|Any CPU.ActiveCfg = Debug|Any CPU
		{CC69A8C4-CD62-4048-91EE-5A59B5FDAE0D}.Debug|Any CPU.Build.0 = Debug|Any CPU
		{CC69A8C4-CD62-4048-91EE-5A59B5FDAE0D}.Release|Any CPU.ActiveCfg = Release|Any CPU
		{CC69A8C4-CD62-4048-91EE-5A59B5FDAE0D}.Release|Any CPU.Build.0 = Release|Any CPU
		{E5A4163E-89E2-41E9-A16D-F06BEE19C549}.Debug|Any CPU.ActiveCfg = Debug|Any CPU
		{E5A4163E-89E2-41E9-A16D-F06BEE19C549}.Debug|Any CPU.Build.0 = Debug|Any CPU
		{E5A4163E-89E2-41E9-A16D-F06BEE19C549}.Release|Any CPU.ActiveCfg = Release|Any CPU
		{E5A4163E-89E2-41E9-A16D-F06BEE19C549}.Release|Any CPU.Build.0 = Release|Any CPU
		{33351F71-75BA-4981-97D5-5F7ECACA804A}.Debug|Any CPU.ActiveCfg = Debug|Any CPU
		{33351F71-75BA-4981-97D5-5F7ECACA804A}.Debug|Any CPU.Build.0 = Debug|Any CPU
		{33351F71-75BA-4981-97D5-5F7ECACA804A}.Release|Any CPU.ActiveCfg = Release|Any CPU
		{33351F71-75BA-4981-97D5-5F7ECACA804A}.Release|Any CPU.Build.0 = Release|Any CPU
	EndGlobalSection
	GlobalSection(SolutionProperties) = preSolution
		HideSolutionNode = FALSE
	EndGlobalSection
	GlobalSection(ExtensibilityGlobals) = postSolution
		SolutionGuid = {D7A0C2C1-2790-42C1-B336-BF2BF72E3F17}
	EndGlobalSection
EndGlobal
